// !$*UTF8*$!
{
	archiveVersion = 1;
	classes = {
	};
	objectVersion = 50;
	objects = {

/* Begin PBXBuildFile section */
		45568DF223744A910082E35E /* AppDelegate.swift in Sources */ = {isa = PBXBuildFile; fileRef = 45568DF123744A910082E35E /* AppDelegate.swift */; };
		45568DF423744A910082E35E /* ViewController.swift in Sources */ = {isa = PBXBuildFile; fileRef = 45568DF323744A910082E35E /* ViewController.swift */; };
		45568DF723744A910082E35E /* Main.storyboard in Resources */ = {isa = PBXBuildFile; fileRef = 45568DF523744A910082E35E /* Main.storyboard */; };
		45568DF923744A920082E35E /* Assets.xcassets in Resources */ = {isa = PBXBuildFile; fileRef = 45568DF823744A920082E35E /* Assets.xcassets */; };
		45568DFC23744A920082E35E /* LaunchScreen.storyboard in Resources */ = {isa = PBXBuildFile; fileRef = 45568DFA23744A920082E35E /* LaunchScreen.storyboard */; };
		4575687C237563D4008E3C41 /* UIImage+Gaussian.m in Sources */ = {isa = PBXBuildFile; fileRef = 45756875237563D4008E3C41 /* UIImage+Gaussian.m */; };
		4597DA4A237A76AE0095E752 /* UIImage+Contrast.m in Sources */ = {isa = PBXBuildFile; fileRef = 4597DA48237A76AD0095E752 /* UIImage+Contrast.m */; };
/* End PBXBuildFile section */

/* Begin PBXFileReference section */
		45568DEE23744A910082E35E /* Effect.app */ = {isa = PBXFileReference; explicitFileType = wrapper.application; includeInIndex = 0; path = Effect.app; sourceTree = BUILT_PRODUCTS_DIR; };
		45568DF123744A910082E35E /* AppDelegate.swift */ = {isa = PBXFileReference; lastKnownFileType = sourcecode.swift; path = AppDelegate.swift; sourceTree = "<group>"; };
		45568DF323744A910082E35E /* ViewController.swift */ = {isa = PBXFileReference; lastKnownFileType = sourcecode.swift; path = ViewController.swift; sourceTree = "<group>"; };
		45568DF623744A910082E35E /* Base */ = {isa = PBXFileReference; lastKnownFileType = file.storyboard; name = Base; path = Base.lproj/Main.storyboard; sourceTree = "<group>"; };
		45568DF823744A920082E35E /* Assets.xcassets */ = {isa = PBXFileReference; lastKnownFileType = folder.assetcatalog; path = Assets.xcassets; sourceTree = "<group>"; };
		45568DFB23744A920082E35E /* Base */ = {isa = PBXFileReference; lastKnownFileType = file.storyboard; name = Base; path = Base.lproj/LaunchScreen.storyboard; sourceTree = "<group>"; };
		45568DFD23744A920082E35E /* Info.plist */ = {isa = PBXFileReference; lastKnownFileType = text.plist.xml; path = Info.plist; sourceTree = "<group>"; };
		4575686C237563D3008E3C41 /* Effect-Bridging-Header.h */ = {isa = PBXFileReference; lastKnownFileType = sourcecode.c.h; path = "Effect-Bridging-Header.h"; sourceTree = "<group>"; };
		45756874237563D4008E3C41 /* UIImage+Gaussian.h */ = {isa = PBXFileReference; fileEncoding = 4; lastKnownFileType = sourcecode.c.h; path = "UIImage+Gaussian.h"; sourceTree = "<group>"; };
		45756875237563D4008E3C41 /* UIImage+Gaussian.m */ = {isa = PBXFileReference; fileEncoding = 4; lastKnownFileType = sourcecode.c.objc; path = "UIImage+Gaussian.m"; sourceTree = "<group>"; };
		4597DA48237A76AD0095E752 /* UIImage+Contrast.m */ = {isa = PBXFileReference; fileEncoding = 4; lastKnownFileType = sourcecode.c.objc; path = "UIImage+Contrast.m"; sourceTree = "<group>"; };
		4597DA49237A76AE0095E752 /* UIImage+Contrast.h */ = {isa = PBXFileReference; fileEncoding = 4; lastKnownFileType = sourcecode.c.h; path = "UIImage+Contrast.h"; sourceTree = "<group>"; };
/* End PBXFileReference section */

/* Begin PBXFrameworksBuildPhase section */
		45568DEB23744A910082E35E /* Frameworks */ = {
			isa = PBXFrameworksBuildPhase;
			buildActionMask = 2147483647;
			files = (
			);
			runOnlyForDeploymentPostprocessing = 0;
		};
/* End PBXFrameworksBuildPhase section */

/* Begin PBXGroup section */
		45568DE523744A910082E35E = {
			isa = PBXGroup;
			children = (
				4575686B2375636F008E3C41 /* blur */,
				45568DF023744A910082E35E /* Effect */,
				45568DEF23744A910082E35E /* Products */,
			);
			sourceTree = "<group>";
		};
		45568DEF23744A910082E35E /* Products */ = {
			isa = PBXGroup;
			children = (
				45568DEE23744A910082E35E /* Effect.app */,
			);
			name = Products;
			sourceTree = "<group>";
		};
		45568DF023744A910082E35E /* Effect */ = {
			isa = PBXGroup;
			children = (
				45568DF123744A910082E35E /* AppDelegate.swift */,
				45568DF323744A910082E35E /* ViewController.swift */,
				45568DF523744A910082E35E /* Main.storyboard */,
				45568DF823744A920082E35E /* Assets.xcassets */,
				45568DFA23744A920082E35E /* LaunchScreen.storyboard */,
				45568DFD23744A920082E35E /* Info.plist */,
			);
			path = Effect;
			sourceTree = "<group>";
		};
		4575686B2375636F008E3C41 /* blur */ = {
			isa = PBXGroup;
			children = (
				4597DA49237A76AE0095E752 /* UIImage+Contrast.h */,
				4597DA48237A76AD0095E752 /* UIImage+Contrast.m */,
				45756874237563D4008E3C41 /* UIImage+Gaussian.h */,
				45756875237563D4008E3C41 /* UIImage+Gaussian.m */,
				4575686C237563D3008E3C41 /* Effect-Bridging-Header.h */,
			);
			path = blur;
			sourceTree = "<group>";
		};
/* End PBXGroup section */

/* Begin PBXNativeTarget section */
		45568DED23744A910082E35E /* Effect */ = {
			isa = PBXNativeTarget;
			buildConfigurationList = 45568E0023744A920082E35E /* Build configuration list for PBXNativeTarget "Effect" */;
			buildPhases = (
				45568DEA23744A910082E35E /* Sources */,
				45568DEB23744A910082E35E /* Frameworks */,
				45568DEC23744A910082E35E /* Resources */,
			);
			buildRules = (
			);
			dependencies = (
			);
			name = Effect;
			productName = Effect;
			productReference = 45568DEE23744A910082E35E /* Effect.app */;
			productType = "com.apple.product-type.application";
		};
/* End PBXNativeTarget section */

/* Begin PBXProject section */
		45568DE623744A910082E35E /* Project object */ = {
			isa = PBXProject;
			attributes = {
				LastSwiftUpdateCheck = 1010;
				LastUpgradeCheck = 1010;
				ORGANIZATIONNAME = inheritex;
				TargetAttributes = {
					45568DED23744A910082E35E = {
						CreatedOnToolsVersion = 10.1;
						LastSwiftMigration = 1010;
					};
				};
			};
			buildConfigurationList = 45568DE923744A910082E35E /* Build configuration list for PBXProject "Effect" */;
			compatibilityVersion = "Xcode 9.3";
			developmentRegion = en;
			hasScannedForEncodings = 0;
			knownRegions = (
				en,
				Base,
			);
			mainGroup = 45568DE523744A910082E35E;
			productRefGroup = 45568DEF23744A910082E35E /* Products */;
			projectDirPath = "";
			projectRoot = "";
			targets = (
				45568DED23744A910082E35E /* Effect */,
			);
		};
/* End PBXProject section */

/* Begin PBXResourcesBuildPhase section */
		45568DEC23744A910082E35E /* Resources */ = {
			isa = PBXResourcesBuildPhase;
			buildActionMask = 2147483647;
			files = (
				45568DFC23744A920082E35E /* LaunchScreen.storyboard in Resources */,
				45568DF923744A920082E35E /* Assets.xcassets in Resources */,
				45568DF723744A910082E35E /* Main.storyboard in Resources */,
			);
			runOnlyForDeploymentPostprocessing = 0;
		};
/* End PBXResourcesBuildPhase section */

/* Begin PBXSourcesBuildPhase section */
		45568DEA23744A910082E35E /* Sources */ = {
			isa = PBXSourcesBuildPhase;
			buildActionMask = 2147483647;
			files = (
				4575687C237563D4008E3C41 /* UIImage+Gaussian.m in Sources */,
				45568DF423744A910082E35E /* ViewController.swift in Sources */,
				45568DF223744A910082E35E /* AppDelegate.swift in Sources */,
				4597DA4A237A76AE0095E752 /* UIImage+Contrast.m in Sources */,
			);
			runOnlyForDeploymentPostprocessing = 0;
		};
/* End PBXSourcesBuildPhase section */

/* Begin PBXVariantGroup section */
		45568DF523744A910082E35E /* Main.storyboard */ = {
			isa = PBXVariantGroup;
			children = (
				45568DF623744A910082E35E /* Base */,
			);
			name = Main.storyboard;
			sourceTree = "<group>";
		};
		45568DFA23744A920082E35E /* LaunchScreen.storyboard */ = {
			isa = PBXVariantGroup;
			children = (
				45568DFB23744A920082E35E /* Base */,
			);
			name = LaunchScreen.storyboard;
			sourceTree = "<group>";
		};
/* End PBXVariantGroup section */

/* Begin XCBuildConfiguration section */
		45568DFE23744A920082E35E /* Debug */ = {
			isa = XCBuildConfiguration;
			buildSettings = {
				ALWAYS_SEARCH_USER_PATHS = NO;
				CLANG_ANALYZER_NONNULL = YES;
				CLANG_ANALYZER_NUMBER_OBJECT_CONVERSION = YES_AGGRESSIVE;
				CLANG_CXX_LANGUAGE_STANDARD = "gnu++14";
				CLANG_CXX_LIBRARY = "libc++";
				CLANG_ENABLE_MODULES = YES;
				CLANG_ENABLE_OBJC_ARC = YES;
				CLANG_ENABLE_OBJC_WEAK = YES;
				CLANG_WARN_BLOCK_CAPTURE_AUTORELEASING = YES;
				CLANG_WARN_BOOL_CONVERSION = YES;
				CLANG_WARN_COMMA = YES;
				CLANG_WARN_CONSTANT_CONVERSION = YES;
				CLANG_WARN_DEPRECATED_OBJC_IMPLEMENTATIONS = YES;
				CLANG_WARN_DIRECT_OBJC_ISA_USAGE = YES_ERROR;
				CLANG_WARN_DOCUMENTATION_COMMENTS = YES;
				CLANG_WARN_EMPTY_BODY = YES;
				CLANG_WARN_ENUM_CONVERSION = YES;
				CLANG_WARN_INFINITE_RECURSION = YES;
				CLANG_WARN_INT_CONVERSION = YES;
				CLANG_WARN_NON_LITERAL_NULL_CONVERSION = YES;
				CLANG_WARN_OBJC_IMPLICIT_RETAIN_SELF = YES;
				CLANG_WARN_OBJC_LITERAL_CONVERSION = YES;
				CLANG_WARN_OBJC_ROOT_CLASS = YES_ERROR;
				CLANG_WARN_RANGE_LOOP_ANALYSIS = YES;
				CLANG_WARN_STRICT_PROTOTYPES = YES;
				CLANG_WARN_SUSPICIOUS_MOVE = YES;
				CLANG_WARN_UNGUARDED_AVAILABILITY = YES_AGGRESSIVE;
				CLANG_WARN_UNREACHABLE_CODE = YES;
				CLANG_WARN__DUPLICATE_METHOD_MATCH = YES;
				CODE_SIGN_IDENTITY = "iPhone Developer";
				COPY_PHASE_STRIP = NO;
				DEBUG_INFORMATION_FORMAT = dwarf;
				ENABLE_STRICT_OBJC_MSGSEND = YES;
				ENABLE_TESTABILITY = YES;
				GCC_C_LANGUAGE_STANDARD = gnu11;
				GCC_DYNAMIC_NO_PIC = NO;
				GCC_NO_COMMON_BLOCKS = YES;
				GCC_OPTIMIZATION_LEVEL = 0;
				GCC_PREPROCESSOR_DEFINITIONS = (
					"DEBUG=1",
					"$(inherited)",
				);
				GCC_WARN_64_TO_32_BIT_CONVERSION = YES;
				GCC_WARN_ABOUT_RETURN_TYPE = YES_ERROR;
				GCC_WARN_UNDECLARED_SELECTOR = YES;
				GCC_WARN_UNINITIALIZED_AUTOS = YES_AGGRESSIVE;
				GCC_WARN_UNUSED_FUNCTION = YES;
				GCC_WARN_UNUSED_VARIABLE = YES;
				IPHONEOS_DEPLOYMENT_TARGET = 12.1;
				MTL_ENABLE_DEBUG_INFO = INCLUDE_SOURCE;
				MTL_FAST_MATH = YES;
				ONLY_ACTIVE_ARCH = YES;
				SDKROOT = iphoneos;
				SWIFT_ACTIVE_COMPILATION_CONDITIONS = DEBUG;
				SWIFT_OPTIMIZATION_LEVEL = "-Onone";
			};
			name = Debug;
		};
		45568DFF23744A920082E35E /* Release */ = {
			isa = XCBuildConfiguration;
			buildSettings = {
				ALWAYS_SEARCH_USER_PATHS = NO;
				CLANG_ANALYZER_NONNULL = YES;
				CLANG_ANALYZER_NUMBER_OBJECT_CONVERSION = YES_AGGRESSIVE;
				CLANG_CXX_LANGUAGE_STANDARD = "gnu++14";
				CLANG_CXX_LIBRARY = "libc++";
				CLANG_ENABLE_MODULES = YES;
				CLANG_ENABLE_OBJC_ARC = YES;
				CLANG_ENABLE_OBJC_WEAK = YES;
				CLANG_WARN_BLOCK_CAPTURE_AUTORELEASING = YES;
				CLANG_WARN_BOOL_CONVERSION = YES;
				CLANG_WARN_COMMA = YES;
				CLANG_WARN_CONSTANT_CONVERSION = YES;
				CLANG_WARN_DEPRECATED_OBJC_IMPLEMENTATIONS = YES;
				CLANG_WARN_DIRECT_OBJC_ISA_USAGE = YES_ERROR;
				CLANG_WARN_DOCUMENTATION_COMMENTS = YES;
				CLANG_WARN_EMPTY_BODY = YES;
				CLANG_WARN_ENUM_CONVERSION = YES;
				CLANG_WARN_INFINITE_RECURSION = YES;
				CLANG_WARN_INT_CONVERSION = YES;
				CLANG_WARN_NON_LITERAL_NULL_CONVERSION = YES;
				CLANG_WARN_OBJC_IMPLICIT_RETAIN_SELF = YES;
				CLANG_WARN_OBJC_LITERAL_CONVERSION = YES;
				CLANG_WARN_OBJC_ROOT_CLASS = YES_ERROR;
				CLANG_WARN_RANGE_LOOP_ANALYSIS = YES;
				CLANG_WARN_STRICT_PROTOTYPES = YES;
				CLANG_WARN_SUSPICIOUS_MOVE = YES;
				CLANG_WARN_UNGUARDED_AVAILABILITY = YES_AGGRESSIVE;
				CLANG_WARN_UNREACHABLE_CODE = YES;
				CLANG_WARN__DUPLICATE_METHOD_MATCH = YES;
				CODE_SIGN_IDENTITY = "iPhone Developer";
				COPY_PHASE_STRIP = NO;
				DEBUG_INFORMATION_FORMAT = "dwarf-with-dsym";
				ENABLE_NS_ASSERTIONS = NO;
				ENABLE_STRICT_OBJC_MSGSEND = YES;
				GCC_C_LANGUAGE_STANDARD = gnu11;
				GCC_NO_COMMON_BLOCKS = YES;
				GCC_WARN_64_TO_32_BIT_CONVERSION = YES;
				GCC_WARN_ABOUT_RETURN_TYPE = YES_ERROR;
				GCC_WARN_UNDECLARED_SELECTOR = YES;
				GCC_WARN_UNINITIALIZED_AUTOS = YES_AGGRESSIVE;
				GCC_WARN_UNUSED_FUNCTION = YES;
				GCC_WARN_UNUSED_VARIABLE = YES;
				IPHONEOS_DEPLOYMENT_TARGET = 12.1;
				MTL_ENABLE_DEBUG_INFO = NO;
				MTL_FAST_MATH = YES;
				SDKROOT = iphoneos;
				SWIFT_COMPILATION_MODE = wholemodule;
				SWIFT_OPTIMIZATION_LEVEL = "-O";
				VALIDATE_PRODUCT = YES;
			};
			name = Release;
		};
		45568E0123744A920082E35E /* Debug */ = {
			isa = XCBuildConfiguration;
			buildSettings = {
				ASSETCATALOG_COMPILER_APPICON_NAME = AppIcon;
				CLANG_ENABLE_MODULES = YES;
				CODE_SIGN_STYLE = Manual;
				DEVELOPMENT_TEAM = T49658X6F7;
				INFOPLIST_FILE = Effect/Info.plist;
				LD_RUNPATH_SEARCH_PATHS = (
					"$(inherited)",
					"@executable_path/Frameworks",
				);
				PRODUCT_BUNDLE_IDENTIFIER = inheritex.Effect;
				PRODUCT_NAME = "$(TARGET_NAME)";
				PROVISIONING_PROFILE_SPECIFIER = "INX_Development Profile";
				SWIFT_OBJC_BRIDGING_HEADER = "blur/Effect-Bridging-Header.h";
				SWIFT_OPTIMIZATION_LEVEL = "-Onone";
				SWIFT_VERSION = 4.2;
				TARGETED_DEVICE_FAMILY = "1,2";
			};
			name = Debug;
		};
		45568E0223744A920082E35E /* Release */ = {
			isa = XCBuildConfiguration;
			buildSettings = {
				ASSETCATALOG_COMPILER_APPICON_NAME = AppIcon;
				CLANG_ENABLE_MODULES = YES;
				CODE_SIGN_STYLE = Manual;
				DEVELOPMENT_TEAM = T49658X6F7;
				INFOPLIST_FILE = Effect/Info.plist;
				LD_RUNPATH_SEARCH_PATHS = (
					"$(inherited)",
					"@executable_path/Frameworks",
				);
				PRODUCT_BUNDLE_IDENTIFIER = inheritex.Effect;
				PRODUCT_NAME = "$(TARGET_NAME)";
				PROVISIONING_PROFILE_SPECIFIER = "INX_Development Profile";
				SWIFT_OBJC_BRIDGING_HEADER = "blur/Effect-Bridging-Header.h";
				SWIFT_VERSION = 4.2;
				TARGETED_DEVICE_FAMILY = "1,2";
			};
			name = Release;
		};
/* End XCBuildConfiguration section */

/* Begin XCConfigurationList section */
		45568DE923744A910082E35E /* Build configuration list for PBXProject "Effect" */ = {
			isa = XCConfigurationList;
			buildConfigurations = (
				45568DFE23744A920082E35E /* Debug */,
				45568DFF23744A920082E35E /* Release */,
			);
			defaultConfigurationIsVisible = 0;
			defaultConfigurationName = Release;
		};
		45568E0023744A920082E35E /* Build configuration list for PBXNativeTarget "Effect" */ = {
			isa = XCConfigurationList;
			buildConfigurations = (
				45568E0123744A920082E35E /* Debug */,
				45568E0223744A920082E35E /* Release */,
			);
			defaultConfigurationIsVisible = 0;
			defaultConfigurationName = Release;
		};
/* End XCConfigurationList section */
	};
	rootObject = 45568DE623744A910082E35E /* Project object */;
}
